
Microsoft Visual Studio Solution File, Format Version 12.00
# Visual Studio Version 17
VisualStudioVersion = 17.8.34330.188
MinimumVisualStudioVersion = 10.0.40219.1
Project("{2150E333-8FDC-42A3-9474-1A3956D46DE8}") = "1.Enterprise Business Rules", "1.Enterprise Business Rules", "{98DB9E4F-DDCD-48F6-B72A-B97EC78DE8C0}"
EndProject
Project("{2150E333-8FDC-42A3-9474-1A3956D46DE8}") = "2.Application Business Rules", "2.Application Business Rules", "{C27CBD16-9FE4-49F6-A3AD-E7D357CC6303}"
EndProject
Project("{2150E333-8FDC-42A3-9474-1A3956D46DE8}") = "3.Interface Adapters", "3.Interface Adapters", "{CB815957-A490-41A3-AFDC-DBA8D46C2FAE}"
EndProject
Project("{2150E333-8FDC-42A3-9474-1A3956D46DE8}") = "4.Frameworks And Drivers", "4.Frameworks And Drivers", "{B53A4A09-168D-46D8-8701-3C35A3733769}"
EndProject
Project("{2150E333-8FDC-42A3-9474-1A3956D46DE8}") = "Gateway", "Gateway", "{63F17C97-3544-44F9-B0BC-33AE038EB974}"
EndProject
Project("{2150E333-8FDC-42A3-9474-1A3956D46DE8}") = "ViewModels", "ViewModels", "{F6DB64B2-64E2-42BA-BB82-C3A77E359702}"
EndProject
Project("{9A19103F-16F7-4668-BE54-9A1E7A4F7556}") = "NorthWind.BlazingPizza.Entities", "NorthWind.BlazingPizza.Entities\NorthWind.BlazingPizza.Entities.csproj", "{A727F6CE-8086-4B5A-A46D-4BE512F5BFD6}"
EndProject
Project("{9A19103F-16F7-4668-BE54-9A1E7A4F7556}") = "NorthWind.BlazingPizza.Frontend.BusinessObjects", "NorthWind.BlazingPizza.Frontend.BusinessObjects\NorthWind.BlazingPizza.Frontend.BusinessObjects.csproj", "{AAF515DD-AED4-4D88-9308-2CC95A7DEC09}"
EndProject
Project("{9A19103F-16F7-4668-BE54-9A1E7A4F7556}") = "NorthWind.BlazingPizza.Frontend.WebApiProxies", "NorthWind.BlazingPizza.Frontend.WebApiProxies\NorthWind.BlazingPizza.Frontend.WebApiProxies.csproj", "{472CD7CF-65C3-4753-951B-5F550EF307FE}"
EndProject
Project("{9A19103F-16F7-4668-BE54-9A1E7A4F7556}") = "NorthWind.BlazingPizza.Frontend.ViewModels", "NorthWind.BlazingPizza.Frontend.ViewModels\NorthWind.BlazingPizza.Frontend.ViewModels.csproj", "{ECEDAA9B-5CC5-48BE-AC72-C9F1D2E5095C}"
EndProject
Project("{2150E333-8FDC-42A3-9474-1A3956D46DE8}") = "Views", "Views", "{2A8CE35C-8995-46F6-9696-BA4CD12A95BD}"
EndProject
Project("{9A19103F-16F7-4668-BE54-9A1E7A4F7556}") = "NorthWind.BlazingPizza.Frontend.RazorViews", "NorthWind.BlazingPizza.Frontend.RazorViews\NorthWind.BlazingPizza.Frontend.RazorViews.csproj", "{020B699C-BF06-4E61-93A8-CEDEEA62401B}"
EndProject
Project("{2150E333-8FDC-42A3-9474-1A3956D46DE8}") = "IoCs", "IoCs", "{DE657AAA-9B72-4EF3-9836-F6987594952A}"
EndProject
Project("{9A19103F-16F7-4668-BE54-9A1E7A4F7556}") = "NorthWind.BlazingPizza.Frontend.IoC", "NorthWind.BlazingPizza.Frontend.IoC\NorthWind.BlazingPizza.Frontend.IoC.csproj", "{450B00D3-08E6-4494-8EC5-68A146157805}"
EndProject
Project("{2150E333-8FDC-42A3-9474-1A3956D46DE8}") = "UIs", "UIs", "{300F43DE-D4F1-457C-B2FB-F38D2A88D3C8}"
EndProject
Project("{9A19103F-16F7-4668-BE54-9A1E7A4F7556}") = "NorthWind.BlazingPizzaWPF.Client", "NorthWind.BlazingPizza.WPF.Client\NorthWind.BlazingPizzaWPF.Client.csproj", "{DEEDDF6E-59F9-40A3-9F83-C71A7B8399B4}"
EndProject
Project("{9A19103F-16F7-4668-BE54-9A1E7A4F7556}") = "NorthWind.BlazingPizza.WinFormsClient", "NorthWind.BlazingPizza.WinFormsClient\NorthWind.BlazingPizza.WinFormsClient.csproj", "{7F274217-0FE5-481B-8AEF-25E7F58E52BF}"
EndProject
Project("{9A19103F-16F7-4668-BE54-9A1E7A4F7556}") = "NorthWind.BlazingPizza.Backend.BusinessObject", "NorthWind.BlazingPizza.Backend.BusinessObject\NorthWind.BlazingPizza.Backend.BusinessObject.csproj", "{15467371-2CBF-4F3F-BE05-9824F3BAC317}"
EndProject
Project("{9A19103F-16F7-4668-BE54-9A1E7A4F7556}") = "NorthWind.BlazingPizza.Backend.UseCases", "NorthWind.BlazingPizza.Backend.UseCases\NorthWind.BlazingPizza.Backend.UseCases.csproj", "{A9EE5F49-E33A-4EBD-AE5D-87CAA12084DB}"
EndProject
Project("{9A19103F-16F7-4668-BE54-9A1E7A4F7556}") = "NorthWind.BlazingPizza.Backend.Repositories", "NorthWind.BlazingPizza.Backend.Repositories\NorthWind.BlazingPizza.Backend.Repositories.csproj", "{81E65E39-7A67-47FC-9ACA-4E483035D52A}"
EndProject
Project("{2150E333-8FDC-42A3-9474-1A3956D46DE8}") = "DataSource", "DataSource", "{CF0262CD-8A72-4927-8434-08F14B7D4E0E}"
EndProject
Project("{2150E333-8FDC-42A3-9474-1A3956D46DE8}") = "Presenters", "Presenters", "{107A2514-4CF9-480D-BD37-B121E3BB001E}"
EndProject
Project("{2150E333-8FDC-42A3-9474-1A3956D46DE8}") = "controllers", "controllers", "{40B104CB-DC6B-4FA6-BDC1-9763F4E930DF}"
EndProject
Project("{9A19103F-16F7-4668-BE54-9A1E7A4F7556}") = "NorthWind.BlazingPizza.Backend.Controllers", "NorthWind.BlazingPizza.Backend.Controllers\NorthWind.BlazingPizza.Backend.Controllers.csproj", "{85C30536-BF55-4304-AF4D-DA3E4DFC852A}"
EndProject
Project("{9A19103F-16F7-4668-BE54-9A1E7A4F7556}") = "NorthWind.BlazingPizza.DBAdmin", "NorthWind.BlazingPizza.DBAdmin\NorthWind.BlazingPizza.DBAdmin.csproj", "{16A2F48D-F734-47A5-B8A0-255FEA3D190E}"
EndProject
Project("{9A19103F-16F7-4668-BE54-9A1E7A4F7556}") = "NorthWind.BlazingPizza.EFCore.DataSources", "NorthWind.BlazingPizza.EFCore.DataSources\NorthWind.BlazingPizza.EFCore.DataSources.csproj", "{62E32D96-52D3-4D76-A131-242E89CC72E8}"
EndProject
Project("{9A19103F-16F7-4668-BE54-9A1E7A4F7556}") = "NorthWind.BlazingPizza.Backend.IoC", "NorthWind.BlazingPizza.Backend.IoC\NorthWind.BlazingPizza.Backend.IoC.csproj", "{43DDFFCF-041B-407E-94EC-CDDB97F2A2BE}"
EndProject
Project("{9A19103F-16F7-4668-BE54-9A1E7A4F7556}") = "NorthWind.BlazingPizza.WebApi", "NorthWind.BlazingPizza.WebApi\NorthWind.BlazingPizza.WebApi.csproj", "{CBCB2674-B1A2-438D-8AAB-D6C971DB09FF}"
EndProject
Project("{9A19103F-16F7-4668-BE54-9A1E7A4F7556}") = "NorthWind.BlazingPizza.Backend.Presenters", "NorthWind.BlazingPizza.Backend.Presenters\NorthWind.BlazingPizza.Backend.Presenters.csproj", "{9DEDB655-325D-491E-8539-20C1D1062A66}"
EndProject
Project("{FAE04EC0-301F-11D3-BF4B-00C04F79EFBC}") = "NortWhindBlazingPizza.BlazorClient", "NortWhindBlazingPizza.BlazorClient\NortWhindBlazingPizza.BlazorClient.csproj", "{4F78BDFC-EAC0-4686-8F0F-BDFFE24CD507}"
EndProject
Global
	GlobalSection(SolutionConfigurationPlatforms) = preSolution
		Debug|Any CPU = Debug|Any CPU
		Release|Any CPU = Release|Any CPU
	EndGlobalSection
	GlobalSection(ProjectConfigurationPlatforms) = postSolution
		{A727F6CE-8086-4B5A-A46D-4BE512F5BFD6}.Debug|Any CPU.ActiveCfg = Debug|Any CPU
		{A727F6CE-8086-4B5A-A46D-4BE512F5BFD6}.Debug|Any CPU.Build.0 = Debug|Any CPU
		{A727F6CE-8086-4B5A-A46D-4BE512F5BFD6}.Release|Any CPU.ActiveCfg = Release|Any CPU
		{A727F6CE-8086-4B5A-A46D-4BE512F5BFD6}.Release|Any CPU.Build.0 = Release|Any CPU
		{AAF515DD-AED4-4D88-9308-2CC95A7DEC09}.Debug|Any CPU.ActiveCfg = Debug|Any CPU
		{AAF515DD-AED4-4D88-9308-2CC95A7DEC09}.Debug|Any CPU.Build.0 = Debug|Any CPU
		{AAF515DD-AED4-4D88-9308-2CC95A7DEC09}.Release|Any CPU.ActiveCfg = Release|Any CPU
		{AAF515DD-AED4-4D88-9308-2CC95A7DEC09}.Release|Any CPU.Build.0 = Release|Any CPU
		{472CD7CF-65C3-4753-951B-5F550EF307FE}.Debug|Any CPU.ActiveCfg = Debug|Any CPU
		{472CD7CF-65C3-4753-951B-5F550EF307FE}.Debug|Any CPU.Build.0 = Debug|Any CPU
		{472CD7CF-65C3-4753-951B-5F550EF307FE}.Release|Any CPU.ActiveCfg = Release|Any CPU
		{472CD7CF-65C3-4753-951B-5F550EF307FE}.Release|Any CPU.Build.0 = Release|Any CPU
		{ECEDAA9B-5CC5-48BE-AC72-C9F1D2E5095C}.Debug|Any CPU.ActiveCfg = Debug|Any CPU
		{ECEDAA9B-5CC5-48BE-AC72-C9F1D2E5095C}.Debug|Any CPU.Build.0 = Debug|Any CPU
		{ECEDAA9B-5CC5-48BE-AC72-C9F1D2E5095C}.Release|Any CPU.ActiveCfg = Release|Any CPU
		{ECEDAA9B-5CC5-48BE-AC72-C9F1D2E5095C}.Release|Any CPU.Build.0 = Release|Any CPU
		{020B699C-BF06-4E61-93A8-CEDEEA62401B}.Debug|Any CPU.ActiveCfg = Debug|Any CPU
		{020B699C-BF06-4E61-93A8-CEDEEA62401B}.Debug|Any CPU.Build.0 = Debug|Any CPU
		{020B699C-BF06-4E61-93A8-CEDEEA62401B}.Release|Any CPU.ActiveCfg = Release|Any CPU
		{020B699C-BF06-4E61-93A8-CEDEEA62401B}.Release|Any CPU.Build.0 = Release|Any CPU
		{450B00D3-08E6-4494-8EC5-68A146157805}.Debug|Any CPU.ActiveCfg = Debug|Any CPU
		{450B00D3-08E6-4494-8EC5-68A146157805}.Debug|Any CPU.Build.0 = Debug|Any CPU
		{450B00D3-08E6-4494-8EC5-68A146157805}.Release|Any CPU.ActiveCfg = Release|Any CPU
		{450B00D3-08E6-4494-8EC5-68A146157805}.Release|Any CPU.Build.0 = Release|Any CPU
		{DEEDDF6E-59F9-40A3-9F83-C71A7B8399B4}.Debug|Any CPU.ActiveCfg = Debug|Any CPU
		{DEEDDF6E-59F9-40A3-9F83-C71A7B8399B4}.Debug|Any CPU.Build.0 = Debug|Any CPU
		{DEEDDF6E-59F9-40A3-9F83-C71A7B8399B4}.Release|Any CPU.ActiveCfg = Release|Any CPU
		{DEEDDF6E-59F9-40A3-9F83-C71A7B8399B4}.Release|Any CPU.Build.0 = Release|Any CPU
		{7F274217-0FE5-481B-8AEF-25E7F58E52BF}.Debug|Any CPU.ActiveCfg = Debug|Any CPU
		{7F274217-0FE5-481B-8AEF-25E7F58E52BF}.Debug|Any CPU.Build.0 = Debug|Any CPU
		{7F274217-0FE5-481B-8AEF-25E7F58E52BF}.Release|Any CPU.ActiveCfg = Release|Any CPU
		{7F274217-0FE5-481B-8AEF-25E7F58E52BF}.Release|Any CPU.Build.0 = Release|Any CPU
		{15467371-2CBF-4F3F-BE05-9824F3BAC317}.Debug|Any CPU.ActiveCfg = Debug|Any CPU
		{15467371-2CBF-4F3F-BE05-9824F3BAC317}.Debug|Any CPU.Build.0 = Debug|Any CPU
		{15467371-2CBF-4F3F-BE05-9824F3BAC317}.Release|Any CPU.ActiveCfg = Release|Any CPU
		{15467371-2CBF-4F3F-BE05-9824F3BAC317}.Release|Any CPU.Build.0 = Release|Any CPU
		{A9EE5F49-E33A-4EBD-AE5D-87CAA12084DB}.Debug|Any CPU.ActiveCfg = Debug|Any CPU
		{A9EE5F49-E33A-4EBD-AE5D-87CAA12084DB}.Debug|Any CPU.Build.0 = Debug|Any CPU
		{A9EE5F49-E33A-4EBD-AE5D-87CAA12084DB}.Release|Any CPU.ActiveCfg = Release|Any CPU
		{A9EE5F49-E33A-4EBD-AE5D-87CAA12084DB}.Release|Any CPU.Build.0 = Release|Any CPU
		{81E65E39-7A67-47FC-9ACA-4E483035D52A}.Debug|Any CPU.ActiveCfg = Debug|Any CPU
		{81E65E39-7A67-47FC-9ACA-4E483035D52A}.Debug|Any CPU.Build.0 = Debug|Any CPU
		{81E65E39-7A67-47FC-9ACA-4E483035D52A}.Release|Any CPU.ActiveCfg = Release|Any CPU
		{81E65E39-7A67-47FC-9ACA-4E483035D52A}.Release|Any CPU.Build.0 = Release|Any CPU
		{85C30536-BF55-4304-AF4D-DA3E4DFC852A}.Debug|Any CPU.ActiveCfg = Debug|Any CPU
		{85C30536-BF55-4304-AF4D-DA3E4DFC852A}.Debug|Any CPU.Build.0 = Debug|Any CPU
		{85C30536-BF55-4304-AF4D-DA3E4DFC852A}.Release|Any CPU.ActiveCfg = Release|Any CPU
		{85C30536-BF55-4304-AF4D-DA3E4DFC852A}.Release|Any CPU.Build.0 = Release|Any CPU
		{16A2F48D-F734-47A5-B8A0-255FEA3D190E}.Debug|Any CPU.ActiveCfg = Debug|Any CPU
		{16A2F48D-F734-47A5-B8A0-255FEA3D190E}.Debug|Any CPU.Build.0 = Debug|Any CPU
		{16A2F48D-F734-47A5-B8A0-255FEA3D190E}.Release|Any CPU.ActiveCfg = Release|Any CPU
		{16A2F48D-F734-47A5-B8A0-255FEA3D190E}.Release|Any CPU.Build.0 = Release|Any CPU
		{62E32D96-52D3-4D76-A131-242E89CC72E8}.Debug|Any CPU.ActiveCfg = Debug|Any CPU
		{62E32D96-52D3-4D76-A131-242E89CC72E8}.Debug|Any CPU.Build.0 = Debug|Any CPU
		{62E32D96-52D3-4D76-A131-242E89CC72E8}.Release|Any CPU.ActiveCfg = Release|Any CPU
		{62E32D96-52D3-4D76-A131-242E89CC72E8}.Release|Any CPU.Build.0 = Release|Any CPU
		{43DDFFCF-041B-407E-94EC-CDDB97F2A2BE}.Debug|Any CPU.ActiveCfg = Debug|Any CPU
		{43DDFFCF-041B-407E-94EC-CDDB97F2A2BE}.Debug|Any CPU.Build.0 = Debug|Any CPU
		{43DDFFCF-041B-407E-94EC-CDDB97F2A2BE}.Release|Any CPU.ActiveCfg = Release|Any CPU
		{43DDFFCF-041B-407E-94EC-CDDB97F2A2BE}.Release|Any CPU.Build.0 = Release|Any CPU
		{CBCB2674-B1A2-438D-8AAB-D6C971DB09FF}.Debug|Any CPU.ActiveCfg = Debug|Any CPU
		{CBCB2674-B1A2-438D-8AAB-D6C971DB09FF}.Debug|Any CPU.Build.0 = Debug|Any CPU
		{CBCB2674-B1A2-438D-8AAB-D6C971DB09FF}.Release|Any CPU.ActiveCfg = Release|Any CPU
		{CBCB2674-B1A2-438D-8AAB-D6C971DB09FF}.Release|Any CPU.Build.0 = Release|Any CPU
		{9DEDB655-325D-491E-8539-20C1D1062A66}.Debug|Any CPU.ActiveCfg = Debug|Any CPU
		{9DEDB655-325D-491E-8539-20C1D1062A66}.Debug|Any CPU.Build.0 = Debug|Any CPU
		{9DEDB655-325D-491E-8539-20C1D1062A66}.Release|Any CPU.ActiveCfg = Release|Any CPU
		{9DEDB655-325D-491E-8539-20C1D1062A66}.Release|Any CPU.Build.0 = Release|Any CPU
		{4F78BDFC-EAC0-4686-8F0F-BDFFE24CD507}.Debug|Any CPU.ActiveCfg = Debug|Any CPU
		{4F78BDFC-EAC0-4686-8F0F-BDFFE24CD507}.Debug|Any CPU.Build.0 = Debug|Any CPU
		{4F78BDFC-EAC0-4686-8F0F-BDFFE24CD507}.Release|Any CPU.ActiveCfg = Release|Any CPU
		{4F78BDFC-EAC0-4686-8F0F-BDFFE24CD507}.Release|Any CPU.Build.0 = Release|Any CPU
	EndGlobalSection
	GlobalSection(SolutionProperties) = preSolution
		HideSolutionNode = FALSE
	EndGlobalSection
	GlobalSection(NestedProjects) = preSolution
		{63F17C97-3544-44F9-B0BC-33AE038EB974} = {CB815957-A490-41A3-AFDC-DBA8D46C2FAE}
		{F6DB64B2-64E2-42BA-BB82-C3A77E359702} = {CB815957-A490-41A3-AFDC-DBA8D46C2FAE}
		{A727F6CE-8086-4B5A-A46D-4BE512F5BFD6} = {98DB9E4F-DDCD-48F6-B72A-B97EC78DE8C0}
		{AAF515DD-AED4-4D88-9308-2CC95A7DEC09} = {C27CBD16-9FE4-49F6-A3AD-E7D357CC6303}
		{472CD7CF-65C3-4753-951B-5F550EF307FE} = {63F17C97-3544-44F9-B0BC-33AE038EB974}
		{ECEDAA9B-5CC5-48BE-AC72-C9F1D2E5095C} = {F6DB64B2-64E2-42BA-BB82-C3A77E359702}
		{2A8CE35C-8995-46F6-9696-BA4CD12A95BD} = {CB815957-A490-41A3-AFDC-DBA8D46C2FAE}
		{020B699C-BF06-4E61-93A8-CEDEEA62401B} = {2A8CE35C-8995-46F6-9696-BA4CD12A95BD}
		{DE657AAA-9B72-4EF3-9836-F6987594952A} = {B53A4A09-168D-46D8-8701-3C35A3733769}
		{450B00D3-08E6-4494-8EC5-68A146157805} = {DE657AAA-9B72-4EF3-9836-F6987594952A}
		{300F43DE-D4F1-457C-B2FB-F38D2A88D3C8} = {B53A4A09-168D-46D8-8701-3C35A3733769}
		{DEEDDF6E-59F9-40A3-9F83-C71A7B8399B4} = {300F43DE-D4F1-457C-B2FB-F38D2A88D3C8}
		{7F274217-0FE5-481B-8AEF-25E7F58E52BF} = {300F43DE-D4F1-457C-B2FB-F38D2A88D3C8}
		{15467371-2CBF-4F3F-BE05-9824F3BAC317} = {C27CBD16-9FE4-49F6-A3AD-E7D357CC6303}
		{A9EE5F49-E33A-4EBD-AE5D-87CAA12084DB} = {C27CBD16-9FE4-49F6-A3AD-E7D357CC6303}
		{81E65E39-7A67-47FC-9ACA-4E483035D52A} = {63F17C97-3544-44F9-B0BC-33AE038EB974}
		{CF0262CD-8A72-4927-8434-08F14B7D4E0E} = {B53A4A09-168D-46D8-8701-3C35A3733769}
		{107A2514-4CF9-480D-BD37-B121E3BB001E} = {CB815957-A490-41A3-AFDC-DBA8D46C2FAE}
		{40B104CB-DC6B-4FA6-BDC1-9763F4E930DF} = {CB815957-A490-41A3-AFDC-DBA8D46C2FAE}
		{85C30536-BF55-4304-AF4D-DA3E4DFC852A} = {40B104CB-DC6B-4FA6-BDC1-9763F4E930DF}
		{16A2F48D-F734-47A5-B8A0-255FEA3D190E} = {CF0262CD-8A72-4927-8434-08F14B7D4E0E}
		{62E32D96-52D3-4D76-A131-242E89CC72E8} = {CF0262CD-8A72-4927-8434-08F14B7D4E0E}
		{43DDFFCF-041B-407E-94EC-CDDB97F2A2BE} = {DE657AAA-9B72-4EF3-9836-F6987594952A}
		{CBCB2674-B1A2-438D-8AAB-D6C971DB09FF} = {300F43DE-D4F1-457C-B2FB-F38D2A88D3C8}
		{9DEDB655-325D-491E-8539-20C1D1062A66} = {107A2514-4CF9-480D-BD37-B121E3BB001E}
		{4F78BDFC-EAC0-4686-8F0F-BDFFE24CD507} = {300F43DE-D4F1-457C-B2FB-F38D2A88D3C8}
	EndGlobalSection
	GlobalSection(ExtensibilityGlobals) = postSolution
		SolutionGuid = {37C37C3E-6309-43D3-BA6E-AF90A6CC1F93}
	EndGlobalSection
EndGlobal
